
Microsoft Visual Studio Solution File, Format Version 12.00
# Visual Studio Version 16
VisualStudioVersion = 16.0.31911.196
MinimumVisualStudioVersion = 10.0.40219.1
Project("{9A19103F-16F7-4668-BE54-9A1E7A4F7556}") = "MonsterTradingCardsGame.DataAccessLayer", "MonsterTradingCardsGame.DataAccessLayer\MonsterTradingCardsGame.DataAccessLayer.csproj", "{5DA522A8-E9BB-471C-BB3F-33CF29AD4000}"
EndProject
Project("{9A19103F-16F7-4668-BE54-9A1E7A4F7556}") = "MonsterTradingCardsGame.Server", "MonsterTradingCardsGame.Server\MonsterTradingCardsGame.Server.csproj", "{67B88680-10FA-4E27-B9DB-66821DF4ED64}"
EndProject
Project("{9A19103F-16F7-4668-BE54-9A1E7A4F7556}") = "MonsterTradingCardsGame.Common", "MonsterTradingCardsGame.Common\MonsterTradingCardsGame.Common.csproj", "{D5093210-50E9-4A28-893A-480954817228}"
EndProject
Project("{9A19103F-16F7-4668-BE54-9A1E7A4F7556}") = "MonsterTradingCardsGame.Console", "MonsterTradingCardsGame.Console\MonsterTradingCardsGame.Console.csproj", "{FFD089C5-1511-49E0-98D1-DAB00CBA8D0B}"
EndProject
Project("{9A19103F-16F7-4668-BE54-9A1E7A4F7556}") = "MonsterTradingCardsGame.BusinessLogic", "MonsterTradingCardsGame.BusinessLogic\MonsterTradingCardsGame.BusinessLogic.csproj", "{F7224A74-FCC9-4801-B5EA-924FA2551CC4}"
EndProject
Project("{FAE04EC0-301F-11D3-BF4B-00C04F79EFBC}") = "MonsterTradingCardsGame.Test", "MonsterTradingCardsGame.Test\MonsterTradingCardsGame.Test.csproj", "{BFE82A2C-A6F0-4841-87DC-95F2B156B44A}"
EndProject
Global
	GlobalSection(SolutionConfigurationPlatforms) = preSolution
		Debug|Any CPU = Debug|Any CPU
		Release|Any CPU = Release|Any CPU
	EndGlobalSection
	GlobalSection(ProjectConfigurationPlatforms) = postSolution
		{5DA522A8-E9BB-471C-BB3F-33CF29AD4000}.Debug|Any CPU.ActiveCfg = Debug|Any CPU
		{5DA522A8-E9BB-471C-BB3F-33CF29AD4000}.Debug|Any CPU.Build.0 = Debug|Any CPU
		{5DA522A8-E9BB-471C-BB3F-33CF29AD4000}.Release|Any CPU.ActiveCfg = Release|Any CPU
		{5DA522A8-E9BB-471C-BB3F-33CF29AD4000}.Release|Any CPU.Build.0 = Release|Any CPU
		{67B88680-10FA-4E27-B9DB-66821DF4ED64}.Debug|Any CPU.ActiveCfg = Debug|Any CPU
		{67B88680-10FA-4E27-B9DB-66821DF4ED64}.Debug|Any CPU.Build.0 = Debug|Any CPU
		{67B88680-10FA-4E27-B9DB-66821DF4ED64}.Release|Any CPU.ActiveCfg = Release|Any CPU
		{67B88680-10FA-4E27-B9DB-66821DF4ED64}.Release|Any CPU.Build.0 = Release|Any CPU
		{D5093210-50E9-4A28-893A-480954817228}.Debug|Any CPU.ActiveCfg = Debug|Any CPU
		{D5093210-50E9-4A28-893A-480954817228}.Debug|Any CPU.Build.0 = Debug|Any CPU
		{D5093210-50E9-4A28-893A-480954817228}.Release|Any CPU.ActiveCfg = Release|Any CPU
		{D5093210-50E9-4A28-893A-480954817228}.Release|Any CPU.Build.0 = Release|Any CPU
		{FFD089C5-1511-49E0-98D1-DAB00CBA8D0B}.Debug|Any CPU.ActiveCfg = Debug|Any CPU
		{FFD089C5-1511-49E0-98D1-DAB00CBA8D0B}.Debug|Any CPU.Build.0 = Debug|Any CPU
		{FFD089C5-1511-49E0-98D1-DAB00CBA8D0B}.Release|Any CPU.ActiveCfg = Release|Any CPU
		{FFD089C5-1511-49E0-98D1-DAB00CBA8D0B}.Release|Any CPU.Build.0 = Release|Any CPU
		{F7224A74-FCC9-4801-B5EA-924FA2551CC4}.Debug|Any CPU.ActiveCfg = Debug|Any CPU
		{F7224A74-FCC9-4801-B5EA-924FA2551CC4}.Debug|Any CPU.Build.0 = Debug|Any CPU
		{F7224A74-FCC9-4801-B5EA-924FA2551CC4}.Release|Any CPU.ActiveCfg = Release|Any CPU
		{F7224A74-FCC9-4801-B5EA-924FA2551CC4}.Release|Any CPU.Build.0 = Release|Any CPU
		{BFE82A2C-A6F0-4841-87DC-95F2B156B44A}.Debug|Any CPU.ActiveCfg = Debug|Any CPU
		{BFE82A2C-A6F0-4841-87DC-95F2B156B44A}.Debug|Any CPU.Build.0 = Debug|Any CPU
		{BFE82A2C-A6F0-4841-87DC-95F2B156B44A}.Release|Any CPU.ActiveCfg = Release|Any CPU
		{BFE82A2C-A6F0-4841-87DC-95F2B156B44A}.Release|Any CPU.Build.0 = Release|Any CPU
	EndGlobalSection
	GlobalSection(SolutionProperties) = preSolution
		HideSolutionNode = FALSE
	EndGlobalSection
	GlobalSection(ExtensibilityGlobals) = postSolution
		SolutionGuid = {F59D6967-718F-4AEA-A7F8-A22CF50B3950}
	EndGlobalSection
EndGlobal
